
Microsoft Visual Studio Solution File, Format Version 12.00
# Visual Studio Version 17
VisualStudioVersion = 17.8.34330.188
MinimumVisualStudioVersion = 10.0.40219.1
Project("{FAE04EC0-301F-11D3-BF4B-00C04F79EFBC}") = "Snack", "Snack\Snack.csproj", "{3E522E4F-DD2A-455F-B959-0FF73E508EF4}"
EndProject
Project("{FAE04EC0-301F-11D3-BF4B-00C04F79EFBC}") = "Snack_winform", "Snack_winform\Snack_winform.csproj", "{7EB7B26E-B16A-46F2-9BC4-17ED93A1B6E3}"
EndProject
Global
	GlobalSection(SolutionConfigurationPlatforms) = preSolution
		Debug|Any CPU = Debug|Any CPU
		Release|Any CPU = Release|Any CPU
	EndGlobalSection
	GlobalSection(ProjectConfigurationPlatforms) = postSolution
		{3E522E4F-DD2A-455F-B959-0FF73E508EF4}.Debug|Any CPU.ActiveCfg = Debug|Any CPU
		{3E522E4F-DD2A-455F-B959-0FF73E508EF4}.Debug|Any CPU.Build.0 = Debug|Any CPU
		{3E522E4F-DD2A-455F-B959-0FF73E508EF4}.Release|Any CPU.ActiveCfg = Release|Any CPU
		{3E522E4F-DD2A-455F-B959-0FF73E508EF4}.Release|Any CPU.Build.0 = Release|Any CPU
		{7EB7B26E-B16A-46F2-9BC4-17ED93A1B6E3}.Debug|Any CPU.ActiveCfg = Debug|Any CPU
		{7EB7B26E-B16A-46F2-9BC4-17ED93A1B6E3}.Debug|Any CPU.Build.0 = Debug|Any CPU
		{7EB7B26E-B16A-46F2-9BC4-17ED93A1B6E3}.Release|Any CPU.ActiveCfg = Release|Any CPU
		{7EB7B26E-B16A-46F2-9BC4-17ED93A1B6E3}.Release|Any CPU.Build.0 = Release|Any CPU
	EndGlobalSection
	GlobalSection(SolutionProperties) = preSolution
		HideSolutionNode = FALSE
	EndGlobalSection
	GlobalSection(ExtensibilityGlobals) = postSolution
		SolutionGuid = {69617048-C478-4079-8BF9-2AE47646BAAC}
	EndGlobalSection
EndGlobal
